
Microsoft Visual Studio Solution File, Format Version 12.00
# Visual Studio Version 17
VisualStudioVersion = 17.1.32127.271
MinimumVisualStudioVersion = 10.0.40219.1
Project("{2150E333-8FDC-42A3-9474-1A3956D46DE8}") = "src", "src", "{286A7940-182A-482F-80F3-71466C1C9030}"
EndProject
Project("{2150E333-8FDC-42A3-9474-1A3956D46DE8}") = "Building Blocks", "Building Blocks", "{C2E2FC8D-7F25-454D-865B-CDAB0AA0F649}"
EndProject
Project("{2150E333-8FDC-42A3-9474-1A3956D46DE8}") = "Services", "Services", "{E34AF2D7-8D2B-45CE-8B2F-78EDCDF3E07A}"
EndProject
Project("{2150E333-8FDC-42A3-9474-1A3956D46DE8}") = "Web", "Web", "{13BFE7EA-E388-4756-B438-01ED7DF02AD3}"
EndProject
Project("{2150E333-8FDC-42A3-9474-1A3956D46DE8}") = "Identidade", "Identidade", "{6C710542-3AD6-48DD-B238-C2F99CCF7076}"
EndProject
Project("{9A19103F-16F7-4668-BE54-9A1E7A4F7556}") = "NES.Identidade.API", "src\services\NES.Identidade.API\NES.Identidade.API.csproj", "{E2B7C99B-9935-4273-AB2A-9337237CEC5C}"
EndProject
Project("{2150E333-8FDC-42A3-9474-1A3956D46DE8}") = "MVC", "MVC", "{FFDC28DF-3261-48B6-86FE-122041F863E9}"
EndProject
Project("{9A19103F-16F7-4668-BE54-9A1E7A4F7556}") = "NSE.WebApp.MVC", "src\web\NSE.WebApp.MVC\NSE.WebApp.MVC.csproj", "{58379C96-1DEC-4939-ACB4-2D074E18F4A2}"
EndProject
Project("{2150E333-8FDC-42A3-9474-1A3956D46DE8}") = "Core", "Core", "{02759CD6-1F1B-4A17-B9B1-8BEC1C32D909}"
EndProject
Project("{9A19103F-16F7-4668-BE54-9A1E7A4F7556}") = "NSE.Core", "src\building blocks\NSE.Core\NSE.Core.csproj", "{8D62344F-3178-436A-B9B4-E226F0B1DA8E}"
EndProject
Project("{2150E333-8FDC-42A3-9474-1A3956D46DE8}") = "Carrinho", "Carrinho", "{CFC1BAAB-F44C-43FC-B30C-12D9BBD839F4}"
EndProject
Project("{9A19103F-16F7-4668-BE54-9A1E7A4F7556}") = "NSE.Carrinho.API", "src\services\NSE.Carrinho.API\NSE.Carrinho.API.csproj", "{EA37CA95-7120-43A8-AFF0-D74E9D54C2CF}"
EndProject
Project("{2150E333-8FDC-42A3-9474-1A3956D46DE8}") = "Catalogo", "Catalogo", "{DD462EEE-9D54-45BD-97C2-D15DE29C05B6}"
EndProject
Project("{9A19103F-16F7-4668-BE54-9A1E7A4F7556}") = "NSE.Catalogo.API", "src\services\NSE.Catalogo.API\NSE.Catalogo.API.csproj", "{BCAA2390-C8AF-493D-ACF3-80B55B48DC7D}"
EndProject
Project("{2150E333-8FDC-42A3-9474-1A3956D46DE8}") = "Cliente", "Cliente", "{60C190B8-6CF9-4DC5-8BA2-CF56DACEF6DF}"
EndProject
Project("{9A19103F-16F7-4668-BE54-9A1E7A4F7556}") = "NSE.Cliente.API", "src\services\NSE.Cliente.API\NSE.Cliente.API.csproj", "{CD3B5580-C102-475D-9B60-4DC2370F2A49}"
EndProject
Project("{2150E333-8FDC-42A3-9474-1A3956D46DE8}") = "Pagamento", "Pagamento", "{19D45BF4-1F08-4F51-A99E-E5438C453418}"
EndProject
Project("{9A19103F-16F7-4668-BE54-9A1E7A4F7556}") = "NSE.Pagamento.API", "src\services\NSE.Pagamento.API\NSE.Pagamento.API.csproj", "{CC2A895B-BCE0-449D-B407-B34EA96C4831}"
EndProject
Project("{2150E333-8FDC-42A3-9474-1A3956D46DE8}") = "Pedido", "Pedido", "{A322138D-E992-4780-89A3-31276703F800}"
EndProject
Project("{9A19103F-16F7-4668-BE54-9A1E7A4F7556}") = "NSE.Pedido.API", "src\services\NSE.Pedido.API\NSE.Pedido.API.csproj", "{2DC940FF-8AF0-4A05-A72D-0AB9BD4FA7A3}"
EndProject
Project("{2150E333-8FDC-42A3-9474-1A3956D46DE8}") = "Service", "Service", "{BEC9320F-2923-4616-9033-8323C0DC32C0}"
EndProject
Project("{9A19103F-16F7-4668-BE54-9A1E7A4F7556}") = "NSE.WebAPI.Core", "src\building blocks\NSE.WebAPI.Core\NSE.WebAPI.Core.csproj", "{1A8CE50A-646B-4A43-AFFB-04D54797F5BD}"
EndProject
Project("{2150E333-8FDC-42A3-9474-1A3956D46DE8}") = "MessageBus", "MessageBus", "{074BB118-629C-4B52-8ED2-88D835344619}"
EndProject
Project("{9A19103F-16F7-4668-BE54-9A1E7A4F7556}") = "NSE.Messagebus", "src\building blocks\NSE.Messagebus\NSE.Messagebus.csproj", "{CE6B5B62-2729-43F1-9B61-A2E9169606C0}"
EndProject
Project("{2150E333-8FDC-42A3-9474-1A3956D46DE8}") = "ApiGateways", "ApiGateways", "{7F4653F5-7DE8-4FE1-9AF1-8CDF40AADC82}"
EndProject
Project("{2150E333-8FDC-42A3-9474-1A3956D46DE8}") = "Compras", "Compras", "{0922EADE-4700-4BF5-B5A8-7A0703A90928}"
EndProject
Project("{9A19103F-16F7-4668-BE54-9A1E7A4F7556}") = "NSE.Bff.Compras", "src\api gateways\NSE.Bff.Compras\NSE.Bff.Compras.csproj", "{EF5BFEAC-A967-49D6-A68D-82B53E7984D6}"
EndProject
Project("{FAE04EC0-301F-11D3-BF4B-00C04F79EFBC}") = "NSE.Pedidos.Domain", "src\services\NSE.Pedidos.Domain\NSE.Pedidos.Domain.csproj", "{022178CE-B928-4FC6-B137-9312FEA32DC6}"
EndProject
Project("{FAE04EC0-301F-11D3-BF4B-00C04F79EFBC}") = "NSE.Pedidos.Infra", "src\services\NSE.Pedidos.Infra\NSE.Pedidos.Infra.csproj", "{A4B4D111-CEA5-4431-BC11-15816150DDD8}"
EndProject
Global
	GlobalSection(SolutionConfigurationPlatforms) = preSolution
		Debug|Any CPU = Debug|Any CPU
		Release|Any CPU = Release|Any CPU
	EndGlobalSection
	GlobalSection(ProjectConfigurationPlatforms) = postSolution
		{E2B7C99B-9935-4273-AB2A-9337237CEC5C}.Debug|Any CPU.ActiveCfg = Debug|Any CPU
		{E2B7C99B-9935-4273-AB2A-9337237CEC5C}.Debug|Any CPU.Build.0 = Debug|Any CPU
		{E2B7C99B-9935-4273-AB2A-9337237CEC5C}.Release|Any CPU.ActiveCfg = Release|Any CPU
		{E2B7C99B-9935-4273-AB2A-9337237CEC5C}.Release|Any CPU.Build.0 = Release|Any CPU
		{58379C96-1DEC-4939-ACB4-2D074E18F4A2}.Debug|Any CPU.ActiveCfg = Debug|Any CPU
		{58379C96-1DEC-4939-ACB4-2D074E18F4A2}.Debug|Any CPU.Build.0 = Debug|Any CPU
		{58379C96-1DEC-4939-ACB4-2D074E18F4A2}.Release|Any CPU.ActiveCfg = Release|Any CPU
		{58379C96-1DEC-4939-ACB4-2D074E18F4A2}.Release|Any CPU.Build.0 = Release|Any CPU
		{8D62344F-3178-436A-B9B4-E226F0B1DA8E}.Debug|Any CPU.ActiveCfg = Debug|Any CPU
		{8D62344F-3178-436A-B9B4-E226F0B1DA8E}.Debug|Any CPU.Build.0 = Debug|Any CPU
		{8D62344F-3178-436A-B9B4-E226F0B1DA8E}.Release|Any CPU.ActiveCfg = Release|Any CPU
		{8D62344F-3178-436A-B9B4-E226F0B1DA8E}.Release|Any CPU.Build.0 = Release|Any CPU
		{EA37CA95-7120-43A8-AFF0-D74E9D54C2CF}.Debug|Any CPU.ActiveCfg = Debug|Any CPU
		{EA37CA95-7120-43A8-AFF0-D74E9D54C2CF}.Debug|Any CPU.Build.0 = Debug|Any CPU
		{EA37CA95-7120-43A8-AFF0-D74E9D54C2CF}.Release|Any CPU.ActiveCfg = Release|Any CPU
		{EA37CA95-7120-43A8-AFF0-D74E9D54C2CF}.Release|Any CPU.Build.0 = Release|Any CPU
		{BCAA2390-C8AF-493D-ACF3-80B55B48DC7D}.Debug|Any CPU.ActiveCfg = Debug|Any CPU
		{BCAA2390-C8AF-493D-ACF3-80B55B48DC7D}.Debug|Any CPU.Build.0 = Debug|Any CPU
		{BCAA2390-C8AF-493D-ACF3-80B55B48DC7D}.Release|Any CPU.ActiveCfg = Release|Any CPU
		{BCAA2390-C8AF-493D-ACF3-80B55B48DC7D}.Release|Any CPU.Build.0 = Release|Any CPU
		{CD3B5580-C102-475D-9B60-4DC2370F2A49}.Debug|Any CPU.ActiveCfg = Debug|Any CPU
		{CD3B5580-C102-475D-9B60-4DC2370F2A49}.Debug|Any CPU.Build.0 = Debug|Any CPU
		{CD3B5580-C102-475D-9B60-4DC2370F2A49}.Release|Any CPU.ActiveCfg = Release|Any CPU
		{CD3B5580-C102-475D-9B60-4DC2370F2A49}.Release|Any CPU.Build.0 = Release|Any CPU
		{CC2A895B-BCE0-449D-B407-B34EA96C4831}.Debug|Any CPU.ActiveCfg = Debug|Any CPU
		{CC2A895B-BCE0-449D-B407-B34EA96C4831}.Debug|Any CPU.Build.0 = Debug|Any CPU
		{CC2A895B-BCE0-449D-B407-B34EA96C4831}.Release|Any CPU.ActiveCfg = Release|Any CPU
		{CC2A895B-BCE0-449D-B407-B34EA96C4831}.Release|Any CPU.Build.0 = Release|Any CPU
		{2DC940FF-8AF0-4A05-A72D-0AB9BD4FA7A3}.Debug|Any CPU.ActiveCfg = Debug|Any CPU
		{2DC940FF-8AF0-4A05-A72D-0AB9BD4FA7A3}.Debug|Any CPU.Build.0 = Debug|Any CPU
		{2DC940FF-8AF0-4A05-A72D-0AB9BD4FA7A3}.Release|Any CPU.ActiveCfg = Release|Any CPU
		{2DC940FF-8AF0-4A05-A72D-0AB9BD4FA7A3}.Release|Any CPU.Build.0 = Release|Any CPU
		{1A8CE50A-646B-4A43-AFFB-04D54797F5BD}.Debug|Any CPU.ActiveCfg = Debug|Any CPU
		{1A8CE50A-646B-4A43-AFFB-04D54797F5BD}.Debug|Any CPU.Build.0 = Debug|Any CPU
		{1A8CE50A-646B-4A43-AFFB-04D54797F5BD}.Release|Any CPU.ActiveCfg = Release|Any CPU
		{1A8CE50A-646B-4A43-AFFB-04D54797F5BD}.Release|Any CPU.Build.0 = Release|Any CPU
		{CE6B5B62-2729-43F1-9B61-A2E9169606C0}.Debug|Any CPU.ActiveCfg = Debug|Any CPU
		{CE6B5B62-2729-43F1-9B61-A2E9169606C0}.Debug|Any CPU.Build.0 = Debug|Any CPU
		{CE6B5B62-2729-43F1-9B61-A2E9169606C0}.Release|Any CPU.ActiveCfg = Release|Any CPU
		{CE6B5B62-2729-43F1-9B61-A2E9169606C0}.Release|Any CPU.Build.0 = Release|Any CPU
		{EF5BFEAC-A967-49D6-A68D-82B53E7984D6}.Debug|Any CPU.ActiveCfg = Debug|Any CPU
		{EF5BFEAC-A967-49D6-A68D-82B53E7984D6}.Debug|Any CPU.Build.0 = Debug|Any CPU
		{EF5BFEAC-A967-49D6-A68D-82B53E7984D6}.Release|Any CPU.ActiveCfg = Release|Any CPU
		{EF5BFEAC-A967-49D6-A68D-82B53E7984D6}.Release|Any CPU.Build.0 = Release|Any CPU
		{022178CE-B928-4FC6-B137-9312FEA32DC6}.Debug|Any CPU.ActiveCfg = Debug|Any CPU
		{022178CE-B928-4FC6-B137-9312FEA32DC6}.Debug|Any CPU.Build.0 = Debug|Any CPU
		{022178CE-B928-4FC6-B137-9312FEA32DC6}.Release|Any CPU.ActiveCfg = Release|Any CPU
		{022178CE-B928-4FC6-B137-9312FEA32DC6}.Release|Any CPU.Build.0 = Release|Any CPU
		{A4B4D111-CEA5-4431-BC11-15816150DDD8}.Debug|Any CPU.ActiveCfg = Debug|Any CPU
		{A4B4D111-CEA5-4431-BC11-15816150DDD8}.Debug|Any CPU.Build.0 = Debug|Any CPU
		{A4B4D111-CEA5-4431-BC11-15816150DDD8}.Release|Any CPU.ActiveCfg = Release|Any CPU
		{A4B4D111-CEA5-4431-BC11-15816150DDD8}.Release|Any CPU.Build.0 = Release|Any CPU
	EndGlobalSection
	GlobalSection(SolutionProperties) = preSolution
		HideSolutionNode = FALSE
	EndGlobalSection
	GlobalSection(NestedProjects) = preSolution
		{C2E2FC8D-7F25-454D-865B-CDAB0AA0F649} = {286A7940-182A-482F-80F3-71466C1C9030}
		{E34AF2D7-8D2B-45CE-8B2F-78EDCDF3E07A} = {286A7940-182A-482F-80F3-71466C1C9030}
		{13BFE7EA-E388-4756-B438-01ED7DF02AD3} = {286A7940-182A-482F-80F3-71466C1C9030}
		{6C710542-3AD6-48DD-B238-C2F99CCF7076} = {E34AF2D7-8D2B-45CE-8B2F-78EDCDF3E07A}
		{E2B7C99B-9935-4273-AB2A-9337237CEC5C} = {6C710542-3AD6-48DD-B238-C2F99CCF7076}
		{FFDC28DF-3261-48B6-86FE-122041F863E9} = {13BFE7EA-E388-4756-B438-01ED7DF02AD3}
		{58379C96-1DEC-4939-ACB4-2D074E18F4A2} = {FFDC28DF-3261-48B6-86FE-122041F863E9}
		{02759CD6-1F1B-4A17-B9B1-8BEC1C32D909} = {C2E2FC8D-7F25-454D-865B-CDAB0AA0F649}
		{8D62344F-3178-436A-B9B4-E226F0B1DA8E} = {02759CD6-1F1B-4A17-B9B1-8BEC1C32D909}
		{CFC1BAAB-F44C-43FC-B30C-12D9BBD839F4} = {E34AF2D7-8D2B-45CE-8B2F-78EDCDF3E07A}
		{EA37CA95-7120-43A8-AFF0-D74E9D54C2CF} = {CFC1BAAB-F44C-43FC-B30C-12D9BBD839F4}
		{DD462EEE-9D54-45BD-97C2-D15DE29C05B6} = {E34AF2D7-8D2B-45CE-8B2F-78EDCDF3E07A}
		{BCAA2390-C8AF-493D-ACF3-80B55B48DC7D} = {DD462EEE-9D54-45BD-97C2-D15DE29C05B6}
		{60C190B8-6CF9-4DC5-8BA2-CF56DACEF6DF} = {E34AF2D7-8D2B-45CE-8B2F-78EDCDF3E07A}
		{CD3B5580-C102-475D-9B60-4DC2370F2A49} = {60C190B8-6CF9-4DC5-8BA2-CF56DACEF6DF}
		{19D45BF4-1F08-4F51-A99E-E5438C453418} = {E34AF2D7-8D2B-45CE-8B2F-78EDCDF3E07A}
		{CC2A895B-BCE0-449D-B407-B34EA96C4831} = {19D45BF4-1F08-4F51-A99E-E5438C453418}
		{A322138D-E992-4780-89A3-31276703F800} = {E34AF2D7-8D2B-45CE-8B2F-78EDCDF3E07A}
		{2DC940FF-8AF0-4A05-A72D-0AB9BD4FA7A3} = {A322138D-E992-4780-89A3-31276703F800}
		{BEC9320F-2923-4616-9033-8323C0DC32C0} = {C2E2FC8D-7F25-454D-865B-CDAB0AA0F649}
		{1A8CE50A-646B-4A43-AFFB-04D54797F5BD} = {BEC9320F-2923-4616-9033-8323C0DC32C0}
		{074BB118-629C-4B52-8ED2-88D835344619} = {C2E2FC8D-7F25-454D-865B-CDAB0AA0F649}
		{CE6B5B62-2729-43F1-9B61-A2E9169606C0} = {074BB118-629C-4B52-8ED2-88D835344619}
		{7F4653F5-7DE8-4FE1-9AF1-8CDF40AADC82} = {286A7940-182A-482F-80F3-71466C1C9030}
		{0922EADE-4700-4BF5-B5A8-7A0703A90928} = {7F4653F5-7DE8-4FE1-9AF1-8CDF40AADC82}
		{EF5BFEAC-A967-49D6-A68D-82B53E7984D6} = {0922EADE-4700-4BF5-B5A8-7A0703A90928}
		{022178CE-B928-4FC6-B137-9312FEA32DC6} = {A322138D-E992-4780-89A3-31276703F800}
		{A4B4D111-CEA5-4431-BC11-15816150DDD8} = {A322138D-E992-4780-89A3-31276703F800}
	EndGlobalSection
	GlobalSection(ExtensibilityGlobals) = postSolution
		SolutionGuid = {38D041A6-0F80-4A0D-A16A-873F08787CE2}
	EndGlobalSection
EndGlobal
